
Microsoft Visual Studio Solution File, Format Version 12.00
# Visual Studio Version 17
VisualStudioVersion = 17.2.32602.215
MinimumVisualStudioVersion = 10.0.40219.1
Project("{9A19103F-16F7-4668-BE54-9A1E7A4F7556}") = "MarketPlace.API", "Src\MarketPlace.API\MarketPlace.API.csproj", "{2E0AC631-B951-4FDA-858D-387880D72C01}"
EndProject
Project("{9A19103F-16F7-4668-BE54-9A1E7A4F7556}") = "MarketPlace.Infrastructure.MongoDb", "Src\MarketPlace.Infrastructure.MongoDb\MarketPlace.Infrastructure.MongoDb.csproj", "{E490D23A-375A-46C6-A2A7-20A80042FDDA}"
EndProject
Project("{9A19103F-16F7-4668-BE54-9A1E7A4F7556}") = "MarketPlace.Domain", "Src\MarketPlace.Domain\MarketPlace.Domain.csproj", "{115F36EE-3502-487E-A15A-5069452B8CB4}"
EndProject
Project("{9A19103F-16F7-4668-BE54-9A1E7A4F7556}") = "MarketPlace.Application", "MarketPlace.Application\MarketPlace.Application.csproj", "{88925B0C-DCEC-430A-AB40-739205DCECE1}"
EndProject
Project("{2150E333-8FDC-42A3-9474-1A3956D46DE8}") = "Solution Items", "Solution Items", "{4EEA69AD-1044-43AD-8BD9-A0D1003CFCDF}"
	ProjectSection(SolutionItems) = preProject
		.github\workflows\marketplace.yml = .github\workflows\marketplace.yml
	EndProjectSection
EndProject
Project("{2150E333-8FDC-42A3-9474-1A3956D46DE8}") = "Tests", "Tests", "{B8B61536-EE59-4E56-9E3C-823664F3A2CC}"
EndProject
Project("{9A19103F-16F7-4668-BE54-9A1E7A4F7556}") = "MarketPlace.Domain.Tests", "MarketPlace.Domain.Tests\MarketPlace.Domain.Tests.csproj", "{4571B62A-01AF-4027-AAD1-FF8542F8EE57}"
EndProject
Project("{9A19103F-16F7-4668-BE54-9A1E7A4F7556}") = "MarketPlace.SharedKernel", "MarketPlace.SharedKernel\MarketPlace.SharedKernel.csproj", "{49BB3E91-F6FC-4EA9-8587-A48C38821576}"
EndProject
Project("{FAE04EC0-301F-11D3-BF4B-00C04F79EFBC}") = "MarketPlace.Application.Tests", "MarketPlace.Application.Tests\MarketPlace.Application.Tests.csproj", "{C7B81BCA-6614-460B-96C8-3DCA286D61DF}"
EndProject
Global
	GlobalSection(SolutionConfigurationPlatforms) = preSolution
		Debug|Any CPU = Debug|Any CPU
		Release|Any CPU = Release|Any CPU
	EndGlobalSection
	GlobalSection(ProjectConfigurationPlatforms) = postSolution
		{2E0AC631-B951-4FDA-858D-387880D72C01}.Debug|Any CPU.ActiveCfg = Debug|Any CPU
		{2E0AC631-B951-4FDA-858D-387880D72C01}.Debug|Any CPU.Build.0 = Debug|Any CPU
		{2E0AC631-B951-4FDA-858D-387880D72C01}.Release|Any CPU.ActiveCfg = Release|Any CPU
		{2E0AC631-B951-4FDA-858D-387880D72C01}.Release|Any CPU.Build.0 = Release|Any CPU
		{E490D23A-375A-46C6-A2A7-20A80042FDDA}.Debug|Any CPU.ActiveCfg = Debug|Any CPU
		{E490D23A-375A-46C6-A2A7-20A80042FDDA}.Debug|Any CPU.Build.0 = Debug|Any CPU
		{E490D23A-375A-46C6-A2A7-20A80042FDDA}.Release|Any CPU.ActiveCfg = Release|Any CPU
		{E490D23A-375A-46C6-A2A7-20A80042FDDA}.Release|Any CPU.Build.0 = Release|Any CPU
		{115F36EE-3502-487E-A15A-5069452B8CB4}.Debug|Any CPU.ActiveCfg = Debug|Any CPU
		{115F36EE-3502-487E-A15A-5069452B8CB4}.Debug|Any CPU.Build.0 = Debug|Any CPU
		{115F36EE-3502-487E-A15A-5069452B8CB4}.Release|Any CPU.ActiveCfg = Release|Any CPU
		{115F36EE-3502-487E-A15A-5069452B8CB4}.Release|Any CPU.Build.0 = Release|Any CPU
		{88925B0C-DCEC-430A-AB40-739205DCECE1}.Debug|Any CPU.ActiveCfg = Debug|Any CPU
		{88925B0C-DCEC-430A-AB40-739205DCECE1}.Debug|Any CPU.Build.0 = Debug|Any CPU
		{88925B0C-DCEC-430A-AB40-739205DCECE1}.Release|Any CPU.ActiveCfg = Release|Any CPU
		{88925B0C-DCEC-430A-AB40-739205DCECE1}.Release|Any CPU.Build.0 = Release|Any CPU
		{4571B62A-01AF-4027-AAD1-FF8542F8EE57}.Debug|Any CPU.ActiveCfg = Debug|Any CPU
		{4571B62A-01AF-4027-AAD1-FF8542F8EE57}.Debug|Any CPU.Build.0 = Debug|Any CPU
		{4571B62A-01AF-4027-AAD1-FF8542F8EE57}.Release|Any CPU.ActiveCfg = Release|Any CPU
		{4571B62A-01AF-4027-AAD1-FF8542F8EE57}.Release|Any CPU.Build.0 = Release|Any CPU
		{49BB3E91-F6FC-4EA9-8587-A48C38821576}.Debug|Any CPU.ActiveCfg = Debug|Any CPU
		{49BB3E91-F6FC-4EA9-8587-A48C38821576}.Debug|Any CPU.Build.0 = Debug|Any CPU
		{49BB3E91-F6FC-4EA9-8587-A48C38821576}.Release|Any CPU.ActiveCfg = Release|Any CPU
		{49BB3E91-F6FC-4EA9-8587-A48C38821576}.Release|Any CPU.Build.0 = Release|Any CPU
		{C7B81BCA-6614-460B-96C8-3DCA286D61DF}.Debug|Any CPU.ActiveCfg = Debug|Any CPU
		{C7B81BCA-6614-460B-96C8-3DCA286D61DF}.Debug|Any CPU.Build.0 = Debug|Any CPU
		{C7B81BCA-6614-460B-96C8-3DCA286D61DF}.Release|Any CPU.ActiveCfg = Release|Any CPU
		{C7B81BCA-6614-460B-96C8-3DCA286D61DF}.Release|Any CPU.Build.0 = Release|Any CPU
	EndGlobalSection
	GlobalSection(SolutionProperties) = preSolution
		HideSolutionNode = FALSE
	EndGlobalSection
	GlobalSection(NestedProjects) = preSolution
		{4571B62A-01AF-4027-AAD1-FF8542F8EE57} = {B8B61536-EE59-4E56-9E3C-823664F3A2CC}
		{C7B81BCA-6614-460B-96C8-3DCA286D61DF} = {B8B61536-EE59-4E56-9E3C-823664F3A2CC}
	EndGlobalSection
	GlobalSection(ExtensibilityGlobals) = postSolution
		SolutionGuid = {DF971C37-38E0-45F4-80BA-AA8A70960823}
	EndGlobalSection
EndGlobal
